// !$*UTF8*$!
{
	archiveVersion = 1;
	classes = {
	};
	objectVersion = 77;
	objects = {

/* Begin PBXBuildFile section */
		F61EB9942D4B4CF800D291B8 /* AppDelegate.swift in Sources */ = {isa = PBXBuildFile; fileRef = F61EB98A2D4B4CF800D291B8 /* AppDelegate.swift */; };
		F61EB9952D4B4CF800D291B8 /* SceneDelegate.swift in Sources */ = {isa = PBXBuildFile; fileRef = F61EB9912D4B4CF800D291B8 /* SceneDelegate.swift */; };
		F61EB9962D4B4CF800D291B8 /* ViewController.swift in Sources */ = {isa = PBXBuildFile; fileRef = F61EB9922D4B4CF800D291B8 /* ViewController.swift */; };
		F61EB9972D4B4CF800D291B8 /* Assets.xcassets in Resources */ = {isa = PBXBuildFile; fileRef = F61EB98B2D4B4CF800D291B8 /* Assets.xcassets */; };
		F61EB9992D4B4CF800D291B8 /* LaunchScreen.storyboard in Resources */ = {isa = PBXBuildFile; fileRef = F61EB98E2D4B4CF800D291B8 /* LaunchScreen.storyboard */; };
		F61EB99A2D4B4CF800D291B8 /* Main.storyboard in Resources */ = {isa = PBXBuildFile; fileRef = F61EB9902D4B4CF800D291B8 /* Main.storyboard */; };
		F61EB9A82D4B521500D291B8 /* Localizable.strings in Resources */ = {isa = PBXBuildFile; fileRef = F61EB9A62D4B521500D291B8 /* Localizable.strings */; };
		F61EB9AC2D4B6E5300D291B8 /* InfoPlist.strings in Resources */ = {isa = PBXBuildFile; fileRef = F61EB9AA2D4B6E5300D291B8 /* InfoPlist.strings */; };
		F61EB9AF2D4B71D100D291B8 /* BluetoothManager.swift in Sources */ = {isa = PBXBuildFile; fileRef = F61EB9AE2D4B71D100D291B8 /* BluetoothManager.swift */; };
		F61EB9B12D4B71D600D291B8 /* LocationManager.swift in Sources */ = {isa = PBXBuildFile; fileRef = F61EB9B02D4B71D600D291B8 /* LocationManager.swift */; };
/* End PBXBuildFile section */

/* Begin PBXFileReference section */
		F61EB9722D4B4CED00D291B8 /* LocalizableDemo.app */ = {isa = PBXFileReference; explicitFileType = wrapper.application; includeInIndex = 0; path = LocalizableDemo.app; sourceTree = BUILT_PRODUCTS_DIR; };
		F61EB98A2D4B4CF800D291B8 /* AppDelegate.swift */ = {isa = PBXFileReference; lastKnownFileType = sourcecode.swift; path = AppDelegate.swift; sourceTree = "<group>"; };
		F61EB98B2D4B4CF800D291B8 /* Assets.xcassets */ = {isa = PBXFileReference; lastKnownFileType = folder.assetcatalog; path = Assets.xcassets; sourceTree = "<group>"; };
		F61EB98C2D4B4CF800D291B8 /* Info.plist */ = {isa = PBXFileReference; lastKnownFileType = text.plist.xml; path = Info.plist; sourceTree = "<group>"; };
		F61EB98D2D4B4CF800D291B8 /* Base */ = {isa = PBXFileReference; lastKnownFileType = file.storyboard; name = Base; path = Base.lproj/LaunchScreen.storyboard; sourceTree = "<group>"; };
		F61EB98F2D4B4CF800D291B8 /* Base */ = {isa = PBXFileReference; lastKnownFileType = file.storyboard; name = Base; path = Base.lproj/Main.storyboard; sourceTree = "<group>"; };
		F61EB9912D4B4CF800D291B8 /* SceneDelegate.swift */ = {isa = PBXFileReference; lastKnownFileType = sourcecode.swift; path = SceneDelegate.swift; sourceTree = "<group>"; };
		F61EB9922D4B4CF800D291B8 /* ViewController.swift */ = {isa = PBXFileReference; lastKnownFileType = sourcecode.swift; path = ViewController.swift; sourceTree = "<group>"; };
		F61EB9A42D4B510400D291B8 /* zh-Hant */ = {isa = PBXFileReference; lastKnownFileType = text.plist.strings; name = "zh-Hant"; path = "zh-Hant.lproj/LaunchScreen.strings"; sourceTree = "<group>"; };
		F61EB9A52D4B510400D291B8 /* zh-Hant */ = {isa = PBXFileReference; lastKnownFileType = text.plist.strings; name = "zh-Hant"; path = "zh-Hant.lproj/Main.strings"; sourceTree = "<group>"; };
		F61EB9A72D4B521500D291B8 /* en */ = {isa = PBXFileReference; lastKnownFileType = text.plist.strings; name = en; path = en.lproj/Localizable.strings; sourceTree = "<group>"; };
		F61EB9A92D4B522200D291B8 /* zh-Hant */ = {isa = PBXFileReference; lastKnownFileType = text.plist.strings; name = "zh-Hant"; path = "zh-Hant.lproj/Localizable.strings"; sourceTree = "<group>"; };
		F61EB9AB2D4B6E5300D291B8 /* en */ = {isa = PBXFileReference; lastKnownFileType = text.plist.strings; name = en; path = en.lproj/InfoPlist.strings; sourceTree = "<group>"; };
		F61EB9AD2D4B6E6000D291B8 /* zh-Hant */ = {isa = PBXFileReference; lastKnownFileType = text.plist.strings; name = "zh-Hant"; path = "zh-Hant.lproj/InfoPlist.strings"; sourceTree = "<group>"; };
		F61EB9AE2D4B71D100D291B8 /* BluetoothManager.swift */ = {isa = PBXFileReference; lastKnownFileType = sourcecode.swift; path = BluetoothManager.swift; sourceTree = "<group>"; };
		F61EB9B02D4B71D600D291B8 /* LocationManager.swift */ = {isa = PBXFileReference; lastKnownFileType = sourcecode.swift; path = LocationManager.swift; sourceTree = "<group>"; };
/* End PBXFileReference section */

/* Begin PBXFrameworksBuildPhase section */
		F61EB96F2D4B4CED00D291B8 /* Frameworks */ = {
			isa = PBXFrameworksBuildPhase;
			buildActionMask = 2147483647;
			files = (
			);
			runOnlyForDeploymentPostprocessing = 0;
		};
/* End PBXFrameworksBuildPhase section */

/* Begin PBXGroup section */
		F61EB9692D4B4CED00D291B8 = {
			isa = PBXGroup;
			children = (
				F61EB9932D4B4CF800D291B8 /* LocalizableDemo */,
				F61EB9732D4B4CED00D291B8 /* Products */,
			);
			sourceTree = "<group>";
		};
		F61EB9732D4B4CED00D291B8 /* Products */ = {
			isa = PBXGroup;
			children = (
				F61EB9722D4B4CED00D291B8 /* LocalizableDemo.app */,
			);
			name = Products;
			sourceTree = "<group>";
		};
		F61EB9932D4B4CF800D291B8 /* LocalizableDemo */ = {
			isa = PBXGroup;
			children = (
				F61EB98A2D4B4CF800D291B8 /* AppDelegate.swift */,
				F61EB98B2D4B4CF800D291B8 /* Assets.xcassets */,
				F61EB98C2D4B4CF800D291B8 /* Info.plist */,
				F61EB98E2D4B4CF800D291B8 /* LaunchScreen.storyboard */,
				F61EB9902D4B4CF800D291B8 /* Main.storyboard */,
				F61EB9912D4B4CF800D291B8 /* SceneDelegate.swift */,
				F61EB9922D4B4CF800D291B8 /* ViewController.swift */,
				F61EB9B02D4B71D600D291B8 /* LocationManager.swift */,
				F61EB9AE2D4B71D100D291B8 /* BluetoothManager.swift */,
				F61EB9A62D4B521500D291B8 /* Localizable.strings */,
				F61EB9AA2D4B6E5300D291B8 /* InfoPlist.strings */,
			);
			path = LocalizableDemo;
			sourceTree = "<group>";
		};
/* End PBXGroup section */

/* Begin PBXNativeTarget section */
		F61EB9712D4B4CED00D291B8 /* LocalizableDemo */ = {
			isa = PBXNativeTarget;
			buildConfigurationList = F61EB9852D4B4CEE00D291B8 /* Build configuration list for PBXNativeTarget "LocalizableDemo" */;
			buildPhases = (
				F61EB96E2D4B4CED00D291B8 /* Sources */,
				F61EB96F2D4B4CED00D291B8 /* Frameworks */,
				F61EB9702D4B4CED00D291B8 /* Resources */,
			);
			buildRules = (
			);
			dependencies = (
			);
			name = LocalizableDemo;
			packageProductDependencies = (
			);
			productName = LocalizableDemo;
			productReference = F61EB9722D4B4CED00D291B8 /* LocalizableDemo.app */;
			productType = "com.apple.product-type.application";
		};
/* End PBXNativeTarget section */

/* Begin PBXProject section */
		F61EB96A2D4B4CED00D291B8 /* Project object */ = {
			isa = PBXProject;
			attributes = {
				BuildIndependentTargetsInParallel = 1;
				LastSwiftUpdateCheck = 1620;
				LastUpgradeCheck = 1620;
				TargetAttributes = {
					F61EB9712D4B4CED00D291B8 = {
						CreatedOnToolsVersion = 16.2;
					};
				};
			};
			buildConfigurationList = F61EB96D2D4B4CED00D291B8 /* Build configuration list for PBXProject "LocalizableDemo" */;
			developmentRegion = en;
			hasScannedForEncodings = 0;
			knownRegions = (
				en,
				Base,
				"zh-Hant",
			);
			mainGroup = F61EB9692D4B4CED00D291B8;
			minimizedProjectReferenceProxies = 1;
			preferredProjectObjectVersion = 77;
			productRefGroup = F61EB9732D4B4CED00D291B8 /* Products */;
			projectDirPath = "";
			projectRoot = "";
			targets = (
				F61EB9712D4B4CED00D291B8 /* LocalizableDemo */,
			);
		};
/* End PBXProject section */

/* Begin PBXResourcesBuildPhase section */
		F61EB9702D4B4CED00D291B8 /* Resources */ = {
			isa = PBXResourcesBuildPhase;
			buildActionMask = 2147483647;
			files = (
				F61EB9972D4B4CF800D291B8 /* Assets.xcassets in Resources */,
				F61EB9A82D4B521500D291B8 /* Localizable.strings in Resources */,
				F61EB9992D4B4CF800D291B8 /* LaunchScreen.storyboard in Resources */,
				F61EB99A2D4B4CF800D291B8 /* Main.storyboard in Resources */,
				F61EB9AC2D4B6E5300D291B8 /* InfoPlist.strings in Resources */,
			);
			runOnlyForDeploymentPostprocessing = 0;
		};
/* End PBXResourcesBuildPhase section */

/* Begin PBXSourcesBuildPhase section */
		F61EB96E2D4B4CED00D291B8 /* Sources */ = {
			isa = PBXSourcesBuildPhase;
			buildActionMask = 2147483647;
			files = (
				F61EB9942D4B4CF800D291B8 /* AppDelegate.swift in Sources */,
				F61EB9952D4B4CF800D291B8 /* SceneDelegate.swift in Sources */,
				F61EB9B12D4B71D600D291B8 /* LocationManager.swift in Sources */,
				F61EB9AF2D4B71D100D291B8 /* BluetoothManager.swift in Sources */,
				F61EB9962D4B4CF800D291B8 /* ViewController.swift in Sources */,
			);
			runOnlyForDeploymentPostprocessing = 0;
		};
/* End PBXSourcesBuildPhase section */

/* Begin PBXVariantGroup section */
		F61EB98E2D4B4CF800D291B8 /* LaunchScreen.storyboard */ = {
			isa = PBXVariantGroup;
			children = (
				F61EB98D2D4B4CF800D291B8 /* Base */,
				F61EB9A42D4B510400D291B8 /* zh-Hant */,
			);
			name = LaunchScreen.storyboard;
			sourceTree = "<group>";
		};
		F61EB9902D4B4CF800D291B8 /* Main.storyboard */ = {
			isa = PBXVariantGroup;
			children = (
				F61EB98F2D4B4CF800D291B8 /* Base */,
				F61EB9A52D4B510400D291B8 /* zh-Hant */,
			);
			name = Main.storyboard;
			sourceTree = "<group>";
		};
		F61EB9A62D4B521500D291B8 /* Localizable.strings */ = {
			isa = PBXVariantGroup;
			children = (
				F61EB9A72D4B521500D291B8 /* en */,
				F61EB9A92D4B522200D291B8 /* zh-Hant */,
			);
			name = Localizable.strings;
			sourceTree = "<group>";
		};
		F61EB9AA2D4B6E5300D291B8 /* InfoPlist.strings */ = {
			isa = PBXVariantGroup;
			children = (
				F61EB9AB2D4B6E5300D291B8 /* en */,
				F61EB9AD2D4B6E6000D291B8 /* zh-Hant */,
			);
			name = InfoPlist.strings;
			sourceTree = "<group>";
		};
/* End PBXVariantGroup section */

/* Begin XCBuildConfiguration section */
		F61EB9862D4B4CEE00D291B8 /* Debug */ = {
			isa = XCBuildConfiguration;
			buildSettings = {
				ASSETCATALOG_COMPILER_APPICON_NAME = AppIcon;
				ASSETCATALOG_COMPILER_GLOBAL_ACCENT_COLOR_NAME = AccentColor;
				CODE_SIGN_STYLE = Automatic;
				CURRENT_PROJECT_VERSION = 1;
				DEVELOPMENT_TEAM = VZ8JQY42E8;
				GENERATE_INFOPLIST_FILE = YES;
				INFOPLIST_FILE = LocalizableDemo/Info.plist;
				INFOPLIST_KEY_UIApplicationSupportsIndirectInputEvents = YES;
				INFOPLIST_KEY_UILaunchStoryboardName = LaunchScreen;
				INFOPLIST_KEY_UIMainStoryboardFile = Main;
				INFOPLIST_KEY_UISupportedInterfaceOrientations_iPad = "UIInterfaceOrientationPortrait UIInterfaceOrientationPortraitUpsideDown UIInterfaceOrientationLandscapeLeft UIInterfaceOrientationLandscapeRight";
				INFOPLIST_KEY_UISupportedInterfaceOrientations_iPhone = "UIInterfaceOrientationPortrait UIInterfaceOrientationLandscapeLeft UIInterfaceOrientationLandscapeRight";
				IPHONEOS_DEPLOYMENT_TARGET = 17.6;
				LD_RUNPATH_SEARCH_PATHS = (
					"$(inherited)",
					"@executable_path/Frameworks",
				);
				MARKETING_VERSION = 1.0;
				PRODUCT_BUNDLE_IDENTIFIER = com.hueiderhuang.LocalizableDemo;
				PRODUCT_NAME = "$(TARGET_NAME)";
				SWIFT_EMIT_LOC_STRINGS = YES;
				SWIFT_VERSION = 5.0;
				TARGETED_DEVICE_FAMILY = "1,2";
			};
			name = Debug;
		};
		F61EB9872D4B4CEE00D291B8 /* Release */ = {
			isa = XCBuildConfiguration;
			buildSettings = {
				ASSETCATALOG_COMPILER_APPICON_NAME = AppIcon;
				ASSETCATALOG_COMPILER_GLOBAL_ACCENT_COLOR_NAME = AccentColor;
				CODE_SIGN_STYLE = Automatic;
				CURRENT_PROJECT_VERSION = 1;
				DEVELOPMENT_TEAM = VZ8JQY42E8;
				GENERATE_INFOPLIST_FILE = YES;
				INFOPLIST_FILE = LocalizableDemo/Info.plist;
				INFOPLIST_KEY_UIApplicationSupportsIndirectInputEvents = YES;
				INFOPLIST_KEY_UILaunchStoryboardName = LaunchScreen;
				INFOPLIST_KEY_UIMainStoryboardFile = Main;
				INFOPLIST_KEY_UISupportedInterfaceOrientations_iPad = "UIInterfaceOrientationPortrait UIInterfaceOrientationPortraitUpsideDown UIInterfaceOrientationLandscapeLeft UIInterfaceOrientationLandscapeRight";
				INFOPLIST_KEY_UISupportedInterfaceOrientations_iPhone = "UIInterfaceOrientationPortrait UIInterfaceOrientationLandscapeLeft UIInterfaceOrientationLandscapeRight";
				IPHONEOS_DEPLOYMENT_TARGET = 17.6;
				LD_RUNPATH_SEARCH_PATHS = (
					"$(inherited)",
					"@executable_path/Frameworks",
				);
				MARKETING_VERSION = 1.0;
				PRODUCT_BUNDLE_IDENTIFIER = com.hueiderhuang.LocalizableDemo;
				PRODUCT_NAME = "$(TARGET_NAME)";
				SWIFT_EMIT_LOC_STRINGS = YES;
				SWIFT_VERSION = 5.0;
				TARGETED_DEVICE_FAMILY = "1,2";
			};
			name = Release;
		};
		F61EB9882D4B4CEE00D291B8 /* Debug */ = {
			isa = XCBuildConfiguration;
			buildSettings = {
				ALWAYS_SEARCH_USER_PATHS = NO;
				ASSETCATALOG_COMPILER_GENERATE_SWIFT_ASSET_SYMBOL_EXTENSIONS = YES;
				CLANG_ANALYZER_LOCALIZABILITY_NONLOCALIZED = YES;
				CLANG_ANALYZER_NONNULL = YES;
				CLANG_ANALYZER_NUMBER_OBJECT_CONVERSION = YES_AGGRESSIVE;
				CLANG_CXX_LANGUAGE_STANDARD = "gnu++20";
				CLANG_ENABLE_MODULES = YES;
				CLANG_ENABLE_OBJC_ARC = YES;
				CLANG_ENABLE_OBJC_WEAK = YES;
				CLANG_WARN_BLOCK_CAPTURE_AUTORELEASING = YES;
				CLANG_WARN_BOOL_CONVERSION = YES;
				CLANG_WARN_COMMA = YES;
				CLANG_WARN_CONSTANT_CONVERSION = YES;
				CLANG_WARN_DEPRECATED_OBJC_IMPLEMENTATIONS = YES;
				CLANG_WARN_DIRECT_OBJC_ISA_USAGE = YES_ERROR;
				CLANG_WARN_DOCUMENTATION_COMMENTS = YES;
				CLANG_WARN_EMPTY_BODY = YES;
				CLANG_WARN_ENUM_CONVERSION = YES;
				CLANG_WARN_INFINITE_RECURSION = YES;
				CLANG_WARN_INT_CONVERSION = YES;
				CLANG_WARN_NON_LITERAL_NULL_CONVERSION = YES;
				CLANG_WARN_OBJC_IMPLICIT_RETAIN_SELF = YES;
				CLANG_WARN_OBJC_LITERAL_CONVERSION = YES;
				CLANG_WARN_OBJC_ROOT_CLASS = YES_ERROR;
				CLANG_WARN_QUOTED_INCLUDE_IN_FRAMEWORK_HEADER = YES;
				CLANG_WARN_RANGE_LOOP_ANALYSIS = YES;
				CLANG_WARN_STRICT_PROTOTYPES = YES;
				CLANG_WARN_SUSPICIOUS_MOVE = YES;
				CLANG_WARN_UNGUARDED_AVAILABILITY = YES_AGGRESSIVE;
				CLANG_WARN_UNREACHABLE_CODE = YES;
				CLANG_WARN__DUPLICATE_METHOD_MATCH = YES;
				COPY_PHASE_STRIP = NO;
				DEBUG_INFORMATION_FORMAT = dwarf;
				ENABLE_STRICT_OBJC_MSGSEND = YES;
				ENABLE_TESTABILITY = YES;
				ENABLE_USER_SCRIPT_SANDBOXING = YES;
				GCC_C_LANGUAGE_STANDARD = gnu17;
				GCC_DYNAMIC_NO_PIC = NO;
				GCC_NO_COMMON_BLOCKS = YES;
				GCC_OPTIMIZATION_LEVEL = 0;
				GCC_PREPROCESSOR_DEFINITIONS = (
					"DEBUG=1",
					"$(inherited)",
				);
				GCC_WARN_64_TO_32_BIT_CONVERSION = YES;
				GCC_WARN_ABOUT_RETURN_TYPE = YES_ERROR;
				GCC_WARN_UNDECLARED_SELECTOR = YES;
				GCC_WARN_UNINITIALIZED_AUTOS = YES_AGGRESSIVE;
				GCC_WARN_UNUSED_FUNCTION = YES;
				GCC_WARN_UNUSED_VARIABLE = YES;
				IPHONEOS_DEPLOYMENT_TARGET = 18.2;
				LOCALIZATION_PREFERS_STRING_CATALOGS = YES;
				MTL_ENABLE_DEBUG_INFO = INCLUDE_SOURCE;
				MTL_FAST_MATH = YES;
				ONLY_ACTIVE_ARCH = YES;
				SDKROOT = iphoneos;
				SWIFT_ACTIVE_COMPILATION_CONDITIONS = "DEBUG $(inherited)";
				SWIFT_OPTIMIZATION_LEVEL = "-Onone";
			};
			name = Debug;
		};
		F61EB9892D4B4CEE00D291B8 /* Release */ = {
			isa = XCBuildConfiguration;
			buildSettings = {
				ALWAYS_SEARCH_USER_PATHS = NO;
				ASSETCATALOG_COMPILER_GENERATE_SWIFT_ASSET_SYMBOL_EXTENSIONS = YES;
				CLANG_ANALYZER_LOCALIZABILITY_NONLOCALIZED = YES;
				CLANG_ANALYZER_NONNULL = YES;
				CLANG_ANALYZER_NUMBER_OBJECT_CONVERSION = YES_AGGRESSIVE;
				CLANG_CXX_LANGUAGE_STANDARD = "gnu++20";
				CLANG_ENABLE_MODULES = YES;
				CLANG_ENABLE_OBJC_ARC = YES;
				CLANG_ENABLE_OBJC_WEAK = YES;
				CLANG_WARN_BLOCK_CAPTURE_AUTORELEASING = YES;
				CLANG_WARN_BOOL_CONVERSION = YES;
				CLANG_WARN_COMMA = YES;
				CLANG_WARN_CONSTANT_CONVERSION = YES;
				CLANG_WARN_DEPRECATED_OBJC_IMPLEMENTATIONS = YES;
				CLANG_WARN_DIRECT_OBJC_ISA_USAGE = YES_ERROR;
				CLANG_WARN_DOCUMENTATION_COMMENTS = YES;
				CLANG_WARN_EMPTY_BODY = YES;
				CLANG_WARN_ENUM_CONVERSION = YES;
				CLANG_WARN_INFINITE_RECURSION = YES;
				CLANG_WARN_INT_CONVERSION = YES;
				CLANG_WARN_NON_LITERAL_NULL_CONVERSION = YES;
				CLANG_WARN_OBJC_IMPLICIT_RETAIN_SELF = YES;
				CLANG_WARN_OBJC_LITERAL_CONVERSION = YES;
				CLANG_WARN_OBJC_ROOT_CLASS = YES_ERROR;
				CLANG_WARN_QUOTED_INCLUDE_IN_FRAMEWORK_HEADER = YES;
				CLANG_WARN_RANGE_LOOP_ANALYSIS = YES;
				CLANG_WARN_STRICT_PROTOTYPES = YES;
				CLANG_WARN_SUSPICIOUS_MOVE = YES;
				CLANG_WARN_UNGUARDED_AVAILABILITY = YES_AGGRESSIVE;
				CLANG_WARN_UNREACHABLE_CODE = YES;
				CLANG_WARN__DUPLICATE_METHOD_MATCH = YES;
				COPY_PHASE_STRIP = NO;
				DEBUG_INFORMATION_FORMAT = "dwarf-with-dsym";
				ENABLE_NS_ASSERTIONS = NO;
				ENABLE_STRICT_OBJC_MSGSEND = YES;
				ENABLE_USER_SCRIPT_SANDBOXING = YES;
				GCC_C_LANGUAGE_STANDARD = gnu17;
				GCC_NO_COMMON_BLOCKS = YES;
				GCC_WARN_64_TO_32_BIT_CONVERSION = YES;
				GCC_WARN_ABOUT_RETURN_TYPE = YES_ERROR;
				GCC_WARN_UNDECLARED_SELECTOR = YES;
				GCC_WARN_UNINITIALIZED_AUTOS = YES_AGGRESSIVE;
				GCC_WARN_UNUSED_FUNCTION = YES;
				GCC_WARN_UNUSED_VARIABLE = YES;
				IPHONEOS_DEPLOYMENT_TARGET = 18.2;
				LOCALIZATION_PREFERS_STRING_CATALOGS = YES;
				MTL_ENABLE_DEBUG_INFO = NO;
				MTL_FAST_MATH = YES;
				SDKROOT = iphoneos;
				SWIFT_COMPILATION_MODE = wholemodule;
				VALIDATE_PRODUCT = YES;
			};
			name = Release;
		};
/* End XCBuildConfiguration section */

/* Begin XCConfigurationList section */
		F61EB96D2D4B4CED00D291B8 /* Build configuration list for PBXProject "LocalizableDemo" */ = {
			isa = XCConfigurationList;
			buildConfigurations = (
				F61EB9882D4B4CEE00D291B8 /* Debug */,
				F61EB9892D4B4CEE00D291B8 /* Release */,
			);
			defaultConfigurationIsVisible = 0;
			defaultConfigurationName = Release;
		};
		F61EB9852D4B4CEE00D291B8 /* Build configuration list for PBXNativeTarget "LocalizableDemo" */ = {
			isa = XCConfigurationList;
			buildConfigurations = (
				F61EB9862D4B4CEE00D291B8 /* Debug */,
				F61EB9872D4B4CEE00D291B8 /* Release */,
			);
			defaultConfigurationIsVisible = 0;
			defaultConfigurationName = Release;
		};
/* End XCConfigurationList section */
	};
	rootObject = F61EB96A2D4B4CED00D291B8 /* Project object */;
}
